// !$*UTF8*$!
{
	archiveVersion = 1;
	classes = {
	};
	objectVersion = 51;
	objects = {

/* Begin PBXBuildFile section */
		3682C7762564E8F100195FD6 /* AppDelegate.swift in Sources */ = {isa = PBXBuildFile; fileRef = 3682C7752564E8F100195FD6 /* AppDelegate.swift */; };
		3682C7782564E8F100195FD6 /* SceneDelegate.swift in Sources */ = {isa = PBXBuildFile; fileRef = 3682C7772564E8F100195FD6 /* SceneDelegate.swift */; };
		3682C77A2564E8F100195FD6 /* HomeViewController.swift in Sources */ = {isa = PBXBuildFile; fileRef = 3682C7792564E8F100195FD6 /* HomeViewController.swift */; };
		3682C77D2564E8F100195FD6 /* Main.storyboard in Resources */ = {isa = PBXBuildFile; fileRef = 3682C77B2564E8F100195FD6 /* Main.storyboard */; };
		3682C7802564E8F100195FD6 /* Instegram_Clone.xcdatamodeld in Sources */ = {isa = PBXBuildFile; fileRef = 3682C77E2564E8F100195FD6 /* Instegram_Clone.xcdatamodeld */; };
		3682C7822564E8F300195FD6 /* Assets.xcassets in Resources */ = {isa = PBXBuildFile; fileRef = 3682C7812564E8F300195FD6 /* Assets.xcassets */; };
		3682C7852564E8F300195FD6 /* LaunchScreen.storyboard in Resources */ = {isa = PBXBuildFile; fileRef = 3682C7832564E8F300195FD6 /* LaunchScreen.storyboard */; };
		3682C7902564E8F300195FD6 /* Instegram_CloneTests.swift in Sources */ = {isa = PBXBuildFile; fileRef = 3682C78F2564E8F300195FD6 /* Instegram_CloneTests.swift */; };
		3682C79B2564E8F300195FD6 /* Instegram_CloneUITests.swift in Sources */ = {isa = PBXBuildFile; fileRef = 3682C79A2564E8F300195FD6 /* Instegram_CloneUITests.swift */; };
		3682C7AE2564EA6300195FD6 /* ExproreViewController.swift in Sources */ = {isa = PBXBuildFile; fileRef = 3682C7AD2564EA6300195FD6 /* ExproreViewController.swift */; };
		3682C7B02564EA7800195FD6 /* CameraViewController.swift in Sources */ = {isa = PBXBuildFile; fileRef = 3682C7AF2564EA7800195FD6 /* CameraViewController.swift */; };
		3682C7B22564EA8E00195FD6 /* NotificationViewController.swift in Sources */ = {isa = PBXBuildFile; fileRef = 3682C7B12564EA8E00195FD6 /* NotificationViewController.swift */; };
		3682C7B42564EA9800195FD6 /* ProfileViewController.swift in Sources */ = {isa = PBXBuildFile; fileRef = 3682C7B32564EA9800195FD6 /* ProfileViewController.swift */; };
		3682C7B92564EB0C00195FD6 /* LoginViewController.swift in Sources */ = {isa = PBXBuildFile; fileRef = 3682C7B82564EB0C00195FD6 /* LoginViewController.swift */; };
		3682C7BB2564EB2400195FD6 /* RegistrationViewController.swift in Sources */ = {isa = PBXBuildFile; fileRef = 3682C7BA2564EB2400195FD6 /* RegistrationViewController.swift */; };
		3682C7BD2564EB3C00195FD6 /* PostViewController.swift in Sources */ = {isa = PBXBuildFile; fileRef = 3682C7BC2564EB3C00195FD6 /* PostViewController.swift */; };
		3682C7BF2564EB6200195FD6 /* EditProfileViewController.swift in Sources */ = {isa = PBXBuildFile; fileRef = 3682C7BE2564EB6200195FD6 /* EditProfileViewController.swift */; };
		3682C7C12564EB7000195FD6 /* SettingsViewController.swift in Sources */ = {isa = PBXBuildFile; fileRef = 3682C7C02564EB7000195FD6 /* SettingsViewController.swift */; };
		3682C7C32564EB8200195FD6 /* ListViewController.swift in Sources */ = {isa = PBXBuildFile; fileRef = 3682C7C22564EB8200195FD6 /* ListViewController.swift */; };
		3682C7C52564EB9400195FD6 /* SearchViewController.swift in Sources */ = {isa = PBXBuildFile; fileRef = 3682C7C42564EB9400195FD6 /* SearchViewController.swift */; };
		3682C7C72564EBA300195FD6 /* SearchResultViewController.swift in Sources */ = {isa = PBXBuildFile; fileRef = 3682C7C62564EBA300195FD6 /* SearchResultViewController.swift */; };
		3682C7C92564EBCF00195FD6 /* PostEditorViewController.swift in Sources */ = {isa = PBXBuildFile; fileRef = 3682C7C82564EBCF00195FD6 /* PostEditorViewController.swift */; };
		3682C7CB2564EBE500195FD6 /* PublishPostViewController.swift in Sources */ = {isa = PBXBuildFile; fileRef = 3682C7CA2564EBE500195FD6 /* PublishPostViewController.swift */; };
		3682C7CD2564FF7D00195FD6 /* GoogleService-Info.plist in Resources */ = {isa = PBXBuildFile; fileRef = 3682C7CC2564FF7D00195FD6 /* GoogleService-Info.plist */; };
		3682C7D02565043E00195FD6 /* DatabaseManager.swift in Sources */ = {isa = PBXBuildFile; fileRef = 3682C7CF2565043E00195FD6 /* DatabaseManager.swift */; };
		3682C7D22565057000195FD6 /* AuthManager.swift in Sources */ = {isa = PBXBuildFile; fileRef = 3682C7D12565057000195FD6 /* AuthManager.swift */; };
		3682C7D4256505AB00195FD6 /* StorageManager.swift in Sources */ = {isa = PBXBuildFile; fileRef = 3682C7D3256505AB00195FD6 /* StorageManager.swift */; };
		3682C7D625650E1B00195FD6 /* Extensions.swift in Sources */ = {isa = PBXBuildFile; fileRef = 3682C7D525650E1B00195FD6 /* Extensions.swift */; };
		36A76092256BCB270087FC6C /* IGFeedPostTableViewCell.swift in Sources */ = {isa = PBXBuildFile; fileRef = 36A76091256BCB270087FC6C /* IGFeedPostTableViewCell.swift */; };
		36A76095256BCC890087FC6C /* IGFeedPostHederTableViewCell.swift in Sources */ = {isa = PBXBuildFile; fileRef = 36A76094256BCC890087FC6C /* IGFeedPostHederTableViewCell.swift */; };
		36A76097256BCC9C0087FC6C /* IGFeedPostActionsTableViewCell.swift in Sources */ = {isa = PBXBuildFile; fileRef = 36A76096256BCC9C0087FC6C /* IGFeedPostActionsTableViewCell.swift */; };
		36A76099256BCCB70087FC6C /* IGFeedPostGeneralTableViewCell.swift in Sources */ = {isa = PBXBuildFile; fileRef = 36A76098256BCCB70087FC6C /* IGFeedPostGeneralTableViewCell.swift */; };
		36A7609B256CD7150087FC6C /* FormTableViewCell.swift in Sources */ = {isa = PBXBuildFile; fileRef = 36A7609A256CD7150087FC6C /* FormTableViewCell.swift */; };
		36A7609E256CE72E0087FC6C /* PhotoCollectionViewCell.swift in Sources */ = {isa = PBXBuildFile; fileRef = 36A7609D256CE72E0087FC6C /* PhotoCollectionViewCell.swift */; };
		36A760A0256CE78E0087FC6C /* ProfileInfoCollectionReusableView.swift in Sources */ = {isa = PBXBuildFile; fileRef = 36A7609F256CE78E0087FC6C /* ProfileInfoCollectionReusableView.swift */; };
		36A760A2256CE7C30087FC6C /* ProfileTabsCollectionReusableView.swift in Sources */ = {isa = PBXBuildFile; fileRef = 36A760A1256CE7C30087FC6C /* ProfileTabsCollectionReusableView.swift */; };
		36A760A4256E412F0087FC6C /* Models.swift in Sources */ = {isa = PBXBuildFile; fileRef = 36A760A3256E412F0087FC6C /* Models.swift */; };
		36A760A6256F820B0087FC6C /* UserFollowTableViewCell.swift in Sources */ = {isa = PBXBuildFile; fileRef = 36A760A5256F820B0087FC6C /* UserFollowTableViewCell.swift */; };
		36A760A8256FA2AA0087FC6C /* NONOtificationsView.swift in Sources */ = {isa = PBXBuildFile; fileRef = 36A760A7256FA2AA0087FC6C /* NONOtificationsView.swift */; };
		36BFFF18256FB3B9004E8510 /* NofificationFollowEventTableViewCell.swift in Sources */ = {isa = PBXBuildFile; fileRef = 36BFFF17256FB3B9004E8510 /* NofificationFollowEventTableViewCell.swift */; };
		36BFFF1A256FB3D3004E8510 /* NotificationLikeEventTableViewCell.swift in Sources */ = {isa = PBXBuildFile; fileRef = 36BFFF19256FB3D3004E8510 /* NotificationLikeEventTableViewCell.swift */; };
		920D6646360D5447A8AA967C /* Pods_Instegram_CloneTests.framework in Frameworks */ = {isa = PBXBuildFile; fileRef = F5843E02961FFFEFB351D6B6 /* Pods_Instegram_CloneTests.framework */; };
		C16B8ADB809A80B5A21CA23D /* Pods_Instegram_Clone_Instegram_CloneUITests.framework in Frameworks */ = {isa = PBXBuildFile; fileRef = A19005B544CB708F6879DE04 /* Pods_Instegram_Clone_Instegram_CloneUITests.framework */; };
		D18B8AAB4A56C2C062CDEA56 /* Pods_Instegram_Clone.framework in Frameworks */ = {isa = PBXBuildFile; fileRef = A71723FF79826D4EDEE51461 /* Pods_Instegram_Clone.framework */; };
/* End PBXBuildFile section */

/* Begin PBXContainerItemProxy section */
		3682C78C2564E8F300195FD6 /* PBXContainerItemProxy */ = {
			isa = PBXContainerItemProxy;
			containerPortal = 3682C76A2564E8F100195FD6 /* Project object */;
			proxyType = 1;
			remoteGlobalIDString = 3682C7712564E8F100195FD6;
			remoteInfo = "Instegram-Clone";
		};
		3682C7972564E8F300195FD6 /* PBXContainerItemProxy */ = {
			isa = PBXContainerItemProxy;
			containerPortal = 3682C76A2564E8F100195FD6 /* Project object */;
			proxyType = 1;
			remoteGlobalIDString = 3682C7712564E8F100195FD6;
			remoteInfo = "Instegram-Clone";
		};
/* End PBXContainerItemProxy section */

/* Begin PBXFileReference section */
		158B0DAF522623357315A6A4 /* Pods-Instegram-CloneTests.release.xcconfig */ = {isa = PBXFileReference; includeInIndex = 1; lastKnownFileType = text.xcconfig; name = "Pods-Instegram-CloneTests.release.xcconfig"; path = "Target Support Files/Pods-Instegram-CloneTests/Pods-Instegram-CloneTests.release.xcconfig"; sourceTree = "<group>"; };
		3682C7722564E8F100195FD6 /* Instegram-Clone.app */ = {isa = PBXFileReference; explicitFileType = wrapper.application; includeInIndex = 0; path = "Instegram-Clone.app"; sourceTree = BUILT_PRODUCTS_DIR; };
		3682C7752564E8F100195FD6 /* AppDelegate.swift */ = {isa = PBXFileReference; lastKnownFileType = sourcecode.swift; path = AppDelegate.swift; sourceTree = "<group>"; };
		3682C7772564E8F100195FD6 /* SceneDelegate.swift */ = {isa = PBXFileReference; lastKnownFileType = sourcecode.swift; path = SceneDelegate.swift; sourceTree = "<group>"; };
		3682C7792564E8F100195FD6 /* HomeViewController.swift */ = {isa = PBXFileReference; lastKnownFileType = sourcecode.swift; path = HomeViewController.swift; sourceTree = "<group>"; };
		3682C77C2564E8F100195FD6 /* Base */ = {isa = PBXFileReference; lastKnownFileType = file.storyboard; name = Base; path = Base.lproj/Main.storyboard; sourceTree = "<group>"; };
		3682C77F2564E8F100195FD6 /* Instegram_Clone.xcdatamodel */ = {isa = PBXFileReference; lastKnownFileType = wrapper.xcdatamodel; path = Instegram_Clone.xcdatamodel; sourceTree = "<group>"; };
		3682C7812564E8F300195FD6 /* Assets.xcassets */ = {isa = PBXFileReference; lastKnownFileType = folder.assetcatalog; path = Assets.xcassets; sourceTree = "<group>"; };
		3682C7842564E8F300195FD6 /* Base */ = {isa = PBXFileReference; lastKnownFileType = file.storyboard; name = Base; path = Base.lproj/LaunchScreen.storyboard; sourceTree = "<group>"; };
		3682C7862564E8F300195FD6 /* Info.plist */ = {isa = PBXFileReference; lastKnownFileType = text.plist.xml; path = Info.plist; sourceTree = "<group>"; };
		3682C78B2564E8F300195FD6 /* Instegram-CloneTests.xctest */ = {isa = PBXFileReference; explicitFileType = wrapper.cfbundle; includeInIndex = 0; path = "Instegram-CloneTests.xctest"; sourceTree = BUILT_PRODUCTS_DIR; };
		3682C78F2564E8F300195FD6 /* Instegram_CloneTests.swift */ = {isa = PBXFileReference; lastKnownFileType = sourcecode.swift; path = Instegram_CloneTests.swift; sourceTree = "<group>"; };
		3682C7912564E8F300195FD6 /* Info.plist */ = {isa = PBXFileReference; lastKnownFileType = text.plist.xml; path = Info.plist; sourceTree = "<group>"; };
		3682C7962564E8F300195FD6 /* Instegram-CloneUITests.xctest */ = {isa = PBXFileReference; explicitFileType = wrapper.cfbundle; includeInIndex = 0; path = "Instegram-CloneUITests.xctest"; sourceTree = BUILT_PRODUCTS_DIR; };
		3682C79A2564E8F300195FD6 /* Instegram_CloneUITests.swift */ = {isa = PBXFileReference; lastKnownFileType = sourcecode.swift; path = Instegram_CloneUITests.swift; sourceTree = "<group>"; };
		3682C79C2564E8F300195FD6 /* Info.plist */ = {isa = PBXFileReference; lastKnownFileType = text.plist.xml; path = Info.plist; sourceTree = "<group>"; };
		3682C7AD2564EA6300195FD6 /* ExproreViewController.swift */ = {isa = PBXFileReference; lastKnownFileType = sourcecode.swift; path = ExproreViewController.swift; sourceTree = "<group>"; };
		3682C7AF2564EA7800195FD6 /* CameraViewController.swift */ = {isa = PBXFileReference; lastKnownFileType = sourcecode.swift; path = CameraViewController.swift; sourceTree = "<group>"; };
		3682C7B12564EA8E00195FD6 /* NotificationViewController.swift */ = {isa = PBXFileReference; lastKnownFileType = sourcecode.swift; path = NotificationViewController.swift; sourceTree = "<group>"; };
		3682C7B32564EA9800195FD6 /* ProfileViewController.swift */ = {isa = PBXFileReference; lastKnownFileType = sourcecode.swift; path = ProfileViewController.swift; sourceTree = "<group>"; };
		3682C7B82564EB0C00195FD6 /* LoginViewController.swift */ = {isa = PBXFileReference; lastKnownFileType = sourcecode.swift; path = LoginViewController.swift; sourceTree = "<group>"; };
		3682C7BA2564EB2400195FD6 /* RegistrationViewController.swift */ = {isa = PBXFileReference; lastKnownFileType = sourcecode.swift; path = RegistrationViewController.swift; sourceTree = "<group>"; };
		3682C7BC2564EB3C00195FD6 /* PostViewController.swift */ = {isa = PBXFileReference; lastKnownFileType = sourcecode.swift; path = PostViewController.swift; sourceTree = "<group>"; };
		3682C7BE2564EB6200195FD6 /* EditProfileViewController.swift */ = {isa = PBXFileReference; lastKnownFileType = sourcecode.swift; path = EditProfileViewController.swift; sourceTree = "<group>"; };
		3682C7C02564EB7000195FD6 /* SettingsViewController.swift */ = {isa = PBXFileReference; lastKnownFileType = sourcecode.swift; path = SettingsViewController.swift; sourceTree = "<group>"; };
		3682C7C22564EB8200195FD6 /* ListViewController.swift */ = {isa = PBXFileReference; lastKnownFileType = sourcecode.swift; path = ListViewController.swift; sourceTree = "<group>"; };
		3682C7C42564EB9400195FD6 /* SearchViewController.swift */ = {isa = PBXFileReference; lastKnownFileType = sourcecode.swift; path = SearchViewController.swift; sourceTree = "<group>"; };
		3682C7C62564EBA300195FD6 /* SearchResultViewController.swift */ = {isa = PBXFileReference; lastKnownFileType = sourcecode.swift; path = SearchResultViewController.swift; sourceTree = "<group>"; };
		3682C7C82564EBCF00195FD6 /* PostEditorViewController.swift */ = {isa = PBXFileReference; lastKnownFileType = sourcecode.swift; path = PostEditorViewController.swift; sourceTree = "<group>"; };
		3682C7CA2564EBE500195FD6 /* PublishPostViewController.swift */ = {isa = PBXFileReference; lastKnownFileType = sourcecode.swift; path = PublishPostViewController.swift; sourceTree = "<group>"; };
		3682C7CC2564FF7D00195FD6 /* GoogleService-Info.plist */ = {isa = PBXFileReference; fileEncoding = 4; lastKnownFileType = text.plist.xml; path = "GoogleService-Info.plist"; sourceTree = "<group>"; };
		3682C7CF2565043E00195FD6 /* DatabaseManager.swift */ = {isa = PBXFileReference; lastKnownFileType = sourcecode.swift; path = DatabaseManager.swift; sourceTree = "<group>"; };
		3682C7D12565057000195FD6 /* AuthManager.swift */ = {isa = PBXFileReference; lastKnownFileType = sourcecode.swift; path = AuthManager.swift; sourceTree = "<group>"; };
		3682C7D3256505AB00195FD6 /* StorageManager.swift */ = {isa = PBXFileReference; lastKnownFileType = sourcecode.swift; path = StorageManager.swift; sourceTree = "<group>"; };
		3682C7D525650E1B00195FD6 /* Extensions.swift */ = {isa = PBXFileReference; lastKnownFileType = sourcecode.swift; path = Extensions.swift; sourceTree = "<group>"; };
		36A76091256BCB270087FC6C /* IGFeedPostTableViewCell.swift */ = {isa = PBXFileReference; lastKnownFileType = sourcecode.swift; path = IGFeedPostTableViewCell.swift; sourceTree = "<group>"; };
		36A76094256BCC890087FC6C /* IGFeedPostHederTableViewCell.swift */ = {isa = PBXFileReference; lastKnownFileType = sourcecode.swift; path = IGFeedPostHederTableViewCell.swift; sourceTree = "<group>"; };
		36A76096256BCC9C0087FC6C /* IGFeedPostActionsTableViewCell.swift */ = {isa = PBXFileReference; lastKnownFileType = sourcecode.swift; path = IGFeedPostActionsTableViewCell.swift; sourceTree = "<group>"; };
		36A76098256BCCB70087FC6C /* IGFeedPostGeneralTableViewCell.swift */ = {isa = PBXFileReference; lastKnownFileType = sourcecode.swift; path = IGFeedPostGeneralTableViewCell.swift; sourceTree = "<group>"; };
		36A7609A256CD7150087FC6C /* FormTableViewCell.swift */ = {isa = PBXFileReference; lastKnownFileType = sourcecode.swift; path = FormTableViewCell.swift; sourceTree = "<group>"; };
		36A7609D256CE72E0087FC6C /* PhotoCollectionViewCell.swift */ = {isa = PBXFileReference; lastKnownFileType = sourcecode.swift; path = PhotoCollectionViewCell.swift; sourceTree = "<group>"; };
		36A7609F256CE78E0087FC6C /* ProfileInfoCollectionReusableView.swift */ = {isa = PBXFileReference; lastKnownFileType = sourcecode.swift; path = ProfileInfoCollectionReusableView.swift; sourceTree = "<group>"; };
		36A760A1256CE7C30087FC6C /* ProfileTabsCollectionReusableView.swift */ = {isa = PBXFileReference; lastKnownFileType = sourcecode.swift; path = ProfileTabsCollectionReusableView.swift; sourceTree = "<group>"; };
		36A760A3256E412F0087FC6C /* Models.swift */ = {isa = PBXFileReference; lastKnownFileType = sourcecode.swift; path = Models.swift; sourceTree = "<group>"; };
		36A760A5256F820B0087FC6C /* UserFollowTableViewCell.swift */ = {isa = PBXFileReference; lastKnownFileType = sourcecode.swift; path = UserFollowTableViewCell.swift; sourceTree = "<group>"; };
		36A760A7256FA2AA0087FC6C /* NONOtificationsView.swift */ = {isa = PBXFileReference; lastKnownFileType = sourcecode.swift; path = NONOtificationsView.swift; sourceTree = "<group>"; };
		36BFFF17256FB3B9004E8510 /* NofificationFollowEventTableViewCell.swift */ = {isa = PBXFileReference; lastKnownFileType = sourcecode.swift; path = NofificationFollowEventTableViewCell.swift; sourceTree = "<group>"; };
		36BFFF19256FB3D3004E8510 /* NotificationLikeEventTableViewCell.swift */ = {isa = PBXFileReference; lastKnownFileType = sourcecode.swift; path = NotificationLikeEventTableViewCell.swift; sourceTree = "<group>"; };
		87850CC549768B235E30BC65 /* Pods-Instegram-CloneTests.debug.xcconfig */ = {isa = PBXFileReference; includeInIndex = 1; lastKnownFileType = text.xcconfig; name = "Pods-Instegram-CloneTests.debug.xcconfig"; path = "Target Support Files/Pods-Instegram-CloneTests/Pods-Instegram-CloneTests.debug.xcconfig"; sourceTree = "<group>"; };
		A19005B544CB708F6879DE04 /* Pods_Instegram_Clone_Instegram_CloneUITests.framework */ = {isa = PBXFileReference; explicitFileType = wrapper.framework; includeInIndex = 0; path = Pods_Instegram_Clone_Instegram_CloneUITests.framework; sourceTree = BUILT_PRODUCTS_DIR; };
		A71723FF79826D4EDEE51461 /* Pods_Instegram_Clone.framework */ = {isa = PBXFileReference; explicitFileType = wrapper.framework; includeInIndex = 0; path = Pods_Instegram_Clone.framework; sourceTree = BUILT_PRODUCTS_DIR; };
		CB26D2DC61DBA863E52CA31B /* Pods-Instegram-Clone.debug.xcconfig */ = {isa = PBXFileReference; includeInIndex = 1; lastKnownFileType = text.xcconfig; name = "Pods-Instegram-Clone.debug.xcconfig"; path = "Target Support Files/Pods-Instegram-Clone/Pods-Instegram-Clone.debug.xcconfig"; sourceTree = "<group>"; };
		E474BB999396B3BD58440190 /* Pods-Instegram-Clone.release.xcconfig */ = {isa = PBXFileReference; includeInIndex = 1; lastKnownFileType = text.xcconfig; name = "Pods-Instegram-Clone.release.xcconfig"; path = "Target Support Files/Pods-Instegram-Clone/Pods-Instegram-Clone.release.xcconfig"; sourceTree = "<group>"; };
		EAEDDDF74518F65B5735B8F9 /* Pods-Instegram-Clone-Instegram-CloneUITests.debug.xcconfig */ = {isa = PBXFileReference; includeInIndex = 1; lastKnownFileType = text.xcconfig; name = "Pods-Instegram-Clone-Instegram-CloneUITests.debug.xcconfig"; path = "Target Support Files/Pods-Instegram-Clone-Instegram-CloneUITests/Pods-Instegram-Clone-Instegram-CloneUITests.debug.xcconfig"; sourceTree = "<group>"; };
		F5843E02961FFFEFB351D6B6 /* Pods_Instegram_CloneTests.framework */ = {isa = PBXFileReference; explicitFileType = wrapper.framework; includeInIndex = 0; path = Pods_Instegram_CloneTests.framework; sourceTree = BUILT_PRODUCTS_DIR; };
		FE2F2220298F5E100CC32E9B /* Pods-Instegram-Clone-Instegram-CloneUITests.release.xcconfig */ = {isa = PBXFileReference; includeInIndex = 1; lastKnownFileType = text.xcconfig; name = "Pods-Instegram-Clone-Instegram-CloneUITests.release.xcconfig"; path = "Target Support Files/Pods-Instegram-Clone-Instegram-CloneUITests/Pods-Instegram-Clone-Instegram-CloneUITests.release.xcconfig"; sourceTree = "<group>"; };
/* End PBXFileReference section */

/* Begin PBXFrameworksBuildPhase section */
		3682C76F2564E8F100195FD6 /* Frameworks */ = {
			isa = PBXFrameworksBuildPhase;
			buildActionMask = 2147483647;
			files = (
				D18B8AAB4A56C2C062CDEA56 /* Pods_Instegram_Clone.framework in Frameworks */,
			);
			runOnlyForDeploymentPostprocessing = 0;
		};
		3682C7882564E8F300195FD6 /* Frameworks */ = {
			isa = PBXFrameworksBuildPhase;
			buildActionMask = 2147483647;
			files = (
				920D6646360D5447A8AA967C /* Pods_Instegram_CloneTests.framework in Frameworks */,
			);
			runOnlyForDeploymentPostprocessing = 0;
		};
		3682C7932564E8F300195FD6 /* Frameworks */ = {
			isa = PBXFrameworksBuildPhase;
			buildActionMask = 2147483647;
			files = (
				C16B8ADB809A80B5A21CA23D /* Pods_Instegram_Clone_Instegram_CloneUITests.framework in Frameworks */,
			);
			runOnlyForDeploymentPostprocessing = 0;
		};
/* End PBXFrameworksBuildPhase section */

/* Begin PBXGroup section */
		3682C7692564E8F100195FD6 = {
			isa = PBXGroup;
			children = (
				3682C7742564E8F100195FD6 /* Instegram-Clone */,
				3682C78E2564E8F300195FD6 /* Instegram-CloneTests */,
				3682C7992564E8F300195FD6 /* Instegram-CloneUITests */,
				3682C7732564E8F100195FD6 /* Products */,
				5C9B2AC804BF55D893236725 /* Pods */,
				C116CA33E5DC488D2A5686DB /* Frameworks */,
			);
			sourceTree = "<group>";
		};
		3682C7732564E8F100195FD6 /* Products */ = {
			isa = PBXGroup;
			children = (
				3682C7722564E8F100195FD6 /* Instegram-Clone.app */,
				3682C78B2564E8F300195FD6 /* Instegram-CloneTests.xctest */,
				3682C7962564E8F300195FD6 /* Instegram-CloneUITests.xctest */,
			);
			name = Products;
			sourceTree = "<group>";
		};
		3682C7742564E8F100195FD6 /* Instegram-Clone */ = {
			isa = PBXGroup;
			children = (
				3682C7AB2564E99600195FD6 /* Resources */,
				3682C7AA2564E99000195FD6 /* Models */,
				3682C7A92564E98400195FD6 /* Views */,
				3682C7A82564E97200195FD6 /* Controllers */,
				3682C7862564E8F300195FD6 /* Info.plist */,
				3682C77E2564E8F100195FD6 /* Instegram_Clone.xcdatamodeld */,
			);
			path = "Instegram-Clone";
			sourceTree = "<group>";
		};
		3682C78E2564E8F300195FD6 /* Instegram-CloneTests */ = {
			isa = PBXGroup;
			children = (
				3682C78F2564E8F300195FD6 /* Instegram_CloneTests.swift */,
				3682C7912564E8F300195FD6 /* Info.plist */,
			);
			path = "Instegram-CloneTests";
			sourceTree = "<group>";
		};
		3682C7992564E8F300195FD6 /* Instegram-CloneUITests */ = {
			isa = PBXGroup;
			children = (
				3682C79A2564E8F300195FD6 /* Instegram_CloneUITests.swift */,
				3682C79C2564E8F300195FD6 /* Info.plist */,
			);
			path = "Instegram-CloneUITests";
			sourceTree = "<group>";
		};
		3682C7A82564E97200195FD6 /* Controllers */ = {
			isa = PBXGroup;
			children = (
				3682C7B62564EAD500195FD6 /* Other */,
				3682C7B52564EAAC00195FD6 /* CoreTabes */,
			);
			path = Controllers;
			sourceTree = "<group>";
		};
		3682C7A92564E98400195FD6 /* Views */ = {
			isa = PBXGroup;
			children = (
				36A7609C256CE6EA0087FC6C /* CollectionViewHeaders */,
				36A76090256BCAEF0087FC6C /* Cells */,
				3682C7AC2564E9D200195FD6 /* Storyboards */,
				3682C7812564E8F300195FD6 /* Assets.xcassets */,
				36A760A7256FA2AA0087FC6C /* NONOtificationsView.swift */,
			);
			path = Views;
			sourceTree = "<group>";
		};
		3682C7AA2564E99000195FD6 /* Models */ = {
			isa = PBXGroup;
			children = (
				36A760A3256E412F0087FC6C /* Models.swift */,
			);
			path = Models;
			sourceTree = "<group>";
		};
		3682C7AB2564E99600195FD6 /* Resources */ = {
			isa = PBXGroup;
			children = (
				3682C7CC2564FF7D00195FD6 /* GoogleService-Info.plist */,
				3682C7752564E8F100195FD6 /* AppDelegate.swift */,
				3682C7772564E8F100195FD6 /* SceneDelegate.swift */,
				3682C7CF2565043E00195FD6 /* DatabaseManager.swift */,
				3682C7D12565057000195FD6 /* AuthManager.swift */,
				3682C7D3256505AB00195FD6 /* StorageManager.swift */,
				3682C7D525650E1B00195FD6 /* Extensions.swift */,
			);
			path = Resources;
			sourceTree = "<group>";
		};
		3682C7AC2564E9D200195FD6 /* Storyboards */ = {
			isa = PBXGroup;
			children = (
				3682C77B2564E8F100195FD6 /* Main.storyboard */,
				3682C7832564E8F300195FD6 /* LaunchScreen.storyboard */,
			);
			path = Storyboards;
			sourceTree = "<group>";
		};
		3682C7B52564EAAC00195FD6 /* CoreTabes */ = {
			isa = PBXGroup;
			children = (
				3682C7792564E8F100195FD6 /* HomeViewController.swift */,
				3682C7AD2564EA6300195FD6 /* ExproreViewController.swift */,
				3682C7AF2564EA7800195FD6 /* CameraViewController.swift */,
				3682C7B12564EA8E00195FD6 /* NotificationViewController.swift */,
				3682C7B32564EA9800195FD6 /* ProfileViewController.swift */,
			);
			path = CoreTabes;
			sourceTree = "<group>";
		};
		3682C7B62564EAD500195FD6 /* Other */ = {
			isa = PBXGroup;
			children = (
				3682C7B72564EAF100195FD6 /* Onboarding */,
				3682C7CE2565039300195FD6 /* General */,
			);
			path = Other;
			sourceTree = "<group>";
		};
		3682C7B72564EAF100195FD6 /* Onboarding */ = {
			isa = PBXGroup;
			children = (
				3682C7B82564EB0C00195FD6 /* LoginViewController.swift */,
				3682C7BA2564EB2400195FD6 /* RegistrationViewController.swift */,
			);
			path = Onboarding;
			sourceTree = "<group>";
		};
		3682C7CE2565039300195FD6 /* General */ = {
			isa = PBXGroup;
			children = (
				3682C7BC2564EB3C00195FD6 /* PostViewController.swift */,
				3682C7BE2564EB6200195FD6 /* EditProfileViewController.swift */,
				3682C7C02564EB7000195FD6 /* SettingsViewController.swift */,
				3682C7C22564EB8200195FD6 /* ListViewController.swift */,
				3682C7C42564EB9400195FD6 /* SearchViewController.swift */,
				3682C7C62564EBA300195FD6 /* SearchResultViewController.swift */,
				3682C7C82564EBCF00195FD6 /* PostEditorViewController.swift */,
				3682C7CA2564EBE500195FD6 /* PublishPostViewController.swift */,
			);
			path = General;
			sourceTree = "<group>";
		};
		36A76090256BCAEF0087FC6C /* Cells */ = {
			isa = PBXGroup;
			children = (
				36BFFF16256FB37B004E8510 /* Notifications */,
				36A76093256BCC5D0087FC6C /* HomeFeed & Post */,
				36A7609A256CD7150087FC6C /* FormTableViewCell.swift */,
				36A7609D256CE72E0087FC6C /* PhotoCollectionViewCell.swift */,
				36A760A5256F820B0087FC6C /* UserFollowTableViewCell.swift */,
			);
			path = Cells;
			sourceTree = "<group>";
		};
		36A76093256BCC5D0087FC6C /* HomeFeed & Post */ = {
			isa = PBXGroup;
			children = (
				36A76091256BCB270087FC6C /* IGFeedPostTableViewCell.swift */,
				36A76094256BCC890087FC6C /* IGFeedPostHederTableViewCell.swift */,
				36A76096256BCC9C0087FC6C /* IGFeedPostActionsTableViewCell.swift */,
				36A76098256BCCB70087FC6C /* IGFeedPostGeneralTableViewCell.swift */,
			);
			path = "HomeFeed & Post";
			sourceTree = "<group>";
		};
		36A7609C256CE6EA0087FC6C /* CollectionViewHeaders */ = {
			isa = PBXGroup;
			children = (
				36A7609F256CE78E0087FC6C /* ProfileInfoCollectionReusableView.swift */,
				36A760A1256CE7C30087FC6C /* ProfileTabsCollectionReusableView.swift */,
			);
			path = CollectionViewHeaders;
			sourceTree = "<group>";
		};
		36BFFF16256FB37B004E8510 /* Notifications */ = {
			isa = PBXGroup;
			children = (
				36BFFF17256FB3B9004E8510 /* NofificationFollowEventTableViewCell.swift */,
				36BFFF19256FB3D3004E8510 /* NotificationLikeEventTableViewCell.swift */,
			);
			path = Notifications;
			sourceTree = "<group>";
		};
		5C9B2AC804BF55D893236725 /* Pods */ = {
			isa = PBXGroup;
			children = (
				CB26D2DC61DBA863E52CA31B /* Pods-Instegram-Clone.debug.xcconfig */,
				E474BB999396B3BD58440190 /* Pods-Instegram-Clone.release.xcconfig */,
				EAEDDDF74518F65B5735B8F9 /* Pods-Instegram-Clone-Instegram-CloneUITests.debug.xcconfig */,
				FE2F2220298F5E100CC32E9B /* Pods-Instegram-Clone-Instegram-CloneUITests.release.xcconfig */,
				87850CC549768B235E30BC65 /* Pods-Instegram-CloneTests.debug.xcconfig */,
				158B0DAF522623357315A6A4 /* Pods-Instegram-CloneTests.release.xcconfig */,
			);
			path = Pods;
			sourceTree = "<group>";
		};
		C116CA33E5DC488D2A5686DB /* Frameworks */ = {
			isa = PBXGroup;
			children = (
				A71723FF79826D4EDEE51461 /* Pods_Instegram_Clone.framework */,
				A19005B544CB708F6879DE04 /* Pods_Instegram_Clone_Instegram_CloneUITests.framework */,
				F5843E02961FFFEFB351D6B6 /* Pods_Instegram_CloneTests.framework */,
			);
			name = Frameworks;
			sourceTree = "<group>";
		};
/* End PBXGroup section */

/* Begin PBXNativeTarget section */
		3682C7712564E8F100195FD6 /* Instegram-Clone */ = {
			isa = PBXNativeTarget;
			buildConfigurationList = 3682C79F2564E8F300195FD6 /* Build configuration list for PBXNativeTarget "Instegram-Clone" */;
			buildPhases = (
				96675586FF0657901537C242 /* [CP] Check Pods Manifest.lock */,
				3682C76E2564E8F100195FD6 /* Sources */,
				3682C76F2564E8F100195FD6 /* Frameworks */,
				3682C7702564E8F100195FD6 /* Resources */,
				649DC5BA82F642CBBBB286F1 /* [CP] Embed Pods Frameworks */,
			);
			buildRules = (
			);
			dependencies = (
			);
			name = "Instegram-Clone";
			productName = "Instegram-Clone";
			productReference = 3682C7722564E8F100195FD6 /* Instegram-Clone.app */;
			productType = "com.apple.product-type.application";
		};
		3682C78A2564E8F300195FD6 /* Instegram-CloneTests */ = {
			isa = PBXNativeTarget;
			buildConfigurationList = 3682C7A22564E8F300195FD6 /* Build configuration list for PBXNativeTarget "Instegram-CloneTests" */;
			buildPhases = (
				6E08F1033F78F79879BB21B7 /* [CP] Check Pods Manifest.lock */,
				3682C7872564E8F300195FD6 /* Sources */,
				3682C7882564E8F300195FD6 /* Frameworks */,
				3682C7892564E8F300195FD6 /* Resources */,
			);
			buildRules = (
			);
			dependencies = (
				3682C78D2564E8F300195FD6 /* PBXTargetDependency */,
			);
			name = "Instegram-CloneTests";
			productName = "Instegram-CloneTests";
			productReference = 3682C78B2564E8F300195FD6 /* Instegram-CloneTests.xctest */;
			productType = "com.apple.product-type.bundle.unit-test";
		};
		3682C7952564E8F300195FD6 /* Instegram-CloneUITests */ = {
			isa = PBXNativeTarget;
			buildConfigurationList = 3682C7A52564E8F300195FD6 /* Build configuration list for PBXNativeTarget "Instegram-CloneUITests" */;
			buildPhases = (
				E22008471D91B553D81455E8 /* [CP] Check Pods Manifest.lock */,
				3682C7922564E8F300195FD6 /* Sources */,
				3682C7932564E8F300195FD6 /* Frameworks */,
				3682C7942564E8F300195FD6 /* Resources */,
				158093B7F19EFAF2D91AA1EB /* [CP] Embed Pods Frameworks */,
			);
			buildRules = (
			);
			dependencies = (
				3682C7982564E8F300195FD6 /* PBXTargetDependency */,
			);
			name = "Instegram-CloneUITests";
			productName = "Instegram-CloneUITests";
			productReference = 3682C7962564E8F300195FD6 /* Instegram-CloneUITests.xctest */;
			productType = "com.apple.product-type.bundle.ui-testing";
		};
/* End PBXNativeTarget section */

/* Begin PBXProject section */
		3682C76A2564E8F100195FD6 /* Project object */ = {
			isa = PBXProject;
			attributes = {
				LastSwiftUpdateCheck = 1160;
				LastUpgradeCheck = 1160;
				ORGANIZATIONNAME = "Tal Spektor";
				TargetAttributes = {
					3682C7712564E8F100195FD6 = {
						CreatedOnToolsVersion = 11.6;
					};
					3682C78A2564E8F300195FD6 = {
						CreatedOnToolsVersion = 11.6;
						TestTargetID = 3682C7712564E8F100195FD6;
					};
					3682C7952564E8F300195FD6 = {
						CreatedOnToolsVersion = 11.6;
						TestTargetID = 3682C7712564E8F100195FD6;
					};
				};
			};
			buildConfigurationList = 3682C76D2564E8F100195FD6 /* Build configuration list for PBXProject "Instegram-Clone" */;
			compatibilityVersion = "Xcode 9.3";
			developmentRegion = en;
			hasScannedForEncodings = 0;
			knownRegions = (
				en,
				Base,
			);
			mainGroup = 3682C7692564E8F100195FD6;
			productRefGroup = 3682C7732564E8F100195FD6 /* Products */;
			projectDirPath = "";
			projectRoot = "";
			targets = (
				3682C7712564E8F100195FD6 /* Instegram-Clone */,
				3682C78A2564E8F300195FD6 /* Instegram-CloneTests */,
				3682C7952564E8F300195FD6 /* Instegram-CloneUITests */,
			);
		};
/* End PBXProject section */

/* Begin PBXResourcesBuildPhase section */
		3682C7702564E8F100195FD6 /* Resources */ = {
			isa = PBXResourcesBuildPhase;
			buildActionMask = 2147483647;
			files = (
				3682C7852564E8F300195FD6 /* LaunchScreen.storyboard in Resources */,
				3682C7CD2564FF7D00195FD6 /* GoogleService-Info.plist in Resources */,
				3682C7822564E8F300195FD6 /* Assets.xcassets in Resources */,
				3682C77D2564E8F100195FD6 /* Main.storyboard in Resources */,
			);
			runOnlyForDeploymentPostprocessing = 0;
		};
		3682C7892564E8F300195FD6 /* Resources */ = {
			isa = PBXResourcesBuildPhase;
			buildActionMask = 2147483647;
			files = (
			);
			runOnlyForDeploymentPostprocessing = 0;
		};
		3682C7942564E8F300195FD6 /* Resources */ = {
			isa = PBXResourcesBuildPhase;
			buildActionMask = 2147483647;
			files = (
			);
			runOnlyForDeploymentPostprocessing = 0;
		};
/* End PBXResourcesBuildPhase section */

/* Begin PBXShellScriptBuildPhase section */
		158093B7F19EFAF2D91AA1EB /* [CP] Embed Pods Frameworks */ = {
			isa = PBXShellScriptBuildPhase;
			buildActionMask = 2147483647;
			files = (
			);
			inputFileListPaths = (
				"${PODS_ROOT}/Target Support Files/Pods-Instegram-Clone-Instegram-CloneUITests/Pods-Instegram-Clone-Instegram-CloneUITests-frameworks-${CONFIGURATION}-input-files.xcfilelist",
			);
			name = "[CP] Embed Pods Frameworks";
			outputFileListPaths = (
				"${PODS_ROOT}/Target Support Files/Pods-Instegram-Clone-Instegram-CloneUITests/Pods-Instegram-Clone-Instegram-CloneUITests-frameworks-${CONFIGURATION}-output-files.xcfilelist",
			);
			runOnlyForDeploymentPostprocessing = 0;
			shellPath = /bin/sh;
			shellScript = "\"${PODS_ROOT}/Target Support Files/Pods-Instegram-Clone-Instegram-CloneUITests/Pods-Instegram-Clone-Instegram-CloneUITests-frameworks.sh\"\n";
			showEnvVarsInLog = 0;
		};
		649DC5BA82F642CBBBB286F1 /* [CP] Embed Pods Frameworks */ = {
			isa = PBXShellScriptBuildPhase;
			buildActionMask = 2147483647;
			files = (
			);
			inputFileListPaths = (
				"${PODS_ROOT}/Target Support Files/Pods-Instegram-Clone/Pods-Instegram-Clone-frameworks-${CONFIGURATION}-input-files.xcfilelist",
			);
			name = "[CP] Embed Pods Frameworks";
			outputFileListPaths = (
				"${PODS_ROOT}/Target Support Files/Pods-Instegram-Clone/Pods-Instegram-Clone-frameworks-${CONFIGURATION}-output-files.xcfilelist",
			);
			runOnlyForDeploymentPostprocessing = 0;
			shellPath = /bin/sh;
			shellScript = "\"${PODS_ROOT}/Target Support Files/Pods-Instegram-Clone/Pods-Instegram-Clone-frameworks.sh\"\n";
			showEnvVarsInLog = 0;
		};
		6E08F1033F78F79879BB21B7 /* [CP] Check Pods Manifest.lock */ = {
			isa = PBXShellScriptBuildPhase;
			buildActionMask = 2147483647;
			files = (
			);
			inputFileListPaths = (
			);
			inputPaths = (
				"${PODS_PODFILE_DIR_PATH}/Podfile.lock",
				"${PODS_ROOT}/Manifest.lock",
			);
			name = "[CP] Check Pods Manifest.lock";
			outputFileListPaths = (
			);
			outputPaths = (
				"$(DERIVED_FILE_DIR)/Pods-Instegram-CloneTests-checkManifestLockResult.txt",
			);
			runOnlyForDeploymentPostprocessing = 0;
			shellPath = /bin/sh;
			shellScript = "diff \"${PODS_PODFILE_DIR_PATH}/Podfile.lock\" \"${PODS_ROOT}/Manifest.lock\" > /dev/null\nif [ $? != 0 ] ; then\n    # print error to STDERR\n    echo \"error: The sandbox is not in sync with the Podfile.lock. Run 'pod install' or update your CocoaPods installation.\" >&2\n    exit 1\nfi\n# This output is used by Xcode 'outputs' to avoid re-running this script phase.\necho \"SUCCESS\" > \"${SCRIPT_OUTPUT_FILE_0}\"\n";
			showEnvVarsInLog = 0;
		};
		96675586FF0657901537C242 /* [CP] Check Pods Manifest.lock */ = {
			isa = PBXShellScriptBuildPhase;
			buildActionMask = 2147483647;
			files = (
			);
			inputFileListPaths = (
			);
			inputPaths = (
				"${PODS_PODFILE_DIR_PATH}/Podfile.lock",
				"${PODS_ROOT}/Manifest.lock",
			);
			name = "[CP] Check Pods Manifest.lock";
			outputFileListPaths = (
			);
			outputPaths = (
				"$(DERIVED_FILE_DIR)/Pods-Instegram-Clone-checkManifestLockResult.txt",
			);
			runOnlyForDeploymentPostprocessing = 0;
			shellPath = /bin/sh;
			shellScript = "diff \"${PODS_PODFILE_DIR_PATH}/Podfile.lock\" \"${PODS_ROOT}/Manifest.lock\" > /dev/null\nif [ $? != 0 ] ; then\n    # print error to STDERR\n    echo \"error: The sandbox is not in sync with the Podfile.lock. Run 'pod install' or update your CocoaPods installation.\" >&2\n    exit 1\nfi\n# This output is used by Xcode 'outputs' to avoid re-running this script phase.\necho \"SUCCESS\" > \"${SCRIPT_OUTPUT_FILE_0}\"\n";
			showEnvVarsInLog = 0;
		};
		E22008471D91B553D81455E8 /* [CP] Check Pods Manifest.lock */ = {
			isa = PBXShellScriptBuildPhase;
			buildActionMask = 2147483647;
			files = (
			);
			inputFileListPaths = (
			);
			inputPaths = (
				"${PODS_PODFILE_DIR_PATH}/Podfile.lock",
				"${PODS_ROOT}/Manifest.lock",
			);
			name = "[CP] Check Pods Manifest.lock";
			outputFileListPaths = (
			);
			outputPaths = (
				"$(DERIVED_FILE_DIR)/Pods-Instegram-Clone-Instegram-CloneUITests-checkManifestLockResult.txt",
			);
			runOnlyForDeploymentPostprocessing = 0;
			shellPath = /bin/sh;
			shellScript = "diff \"${PODS_PODFILE_DIR_PATH}/Podfile.lock\" \"${PODS_ROOT}/Manifest.lock\" > /dev/null\nif [ $? != 0 ] ; then\n    # print error to STDERR\n    echo \"error: The sandbox is not in sync with the Podfile.lock. Run 'pod install' or update your CocoaPods installation.\" >&2\n    exit 1\nfi\n# This output is used by Xcode 'outputs' to avoid re-running this script phase.\necho \"SUCCESS\" > \"${SCRIPT_OUTPUT_FILE_0}\"\n";
			showEnvVarsInLog = 0;
		};
/* End PBXShellScriptBuildPhase section */

/* Begin PBXSourcesBuildPhase section */
		3682C76E2564E8F100195FD6 /* Sources */ = {
			isa = PBXSourcesBuildPhase;
			buildActionMask = 2147483647;
			files = (
				3682C7C52564EB9400195FD6 /* SearchViewController.swift in Sources */,
				36A760A8256FA2AA0087FC6C /* NONOtificationsView.swift in Sources */,
				3682C7B92564EB0C00195FD6 /* LoginViewController.swift in Sources */,
				36A76095256BCC890087FC6C /* IGFeedPostHederTableViewCell.swift in Sources */,
				3682C77A2564E8F100195FD6 /* HomeViewController.swift in Sources */,
				3682C7D4256505AB00195FD6 /* StorageManager.swift in Sources */,
				3682C7762564E8F100195FD6 /* AppDelegate.swift in Sources */,
				3682C7C92564EBCF00195FD6 /* PostEditorViewController.swift in Sources */,
				3682C7802564E8F100195FD6 /* Instegram_Clone.xcdatamodeld in Sources */,
				36A76099256BCCB70087FC6C /* IGFeedPostGeneralTableViewCell.swift in Sources */,
				3682C7BB2564EB2400195FD6 /* RegistrationViewController.swift in Sources */,
				36A760A0256CE78E0087FC6C /* ProfileInfoCollectionReusableView.swift in Sources */,
				36A7609B256CD7150087FC6C /* FormTableViewCell.swift in Sources */,
				36A76092256BCB270087FC6C /* IGFeedPostTableViewCell.swift in Sources */,
				36BFFF1A256FB3D3004E8510 /* NotificationLikeEventTableViewCell.swift in Sources */,
				36A760A6256F820B0087FC6C /* UserFollowTableViewCell.swift in Sources */,
				3682C7B22564EA8E00195FD6 /* NotificationViewController.swift in Sources */,
				3682C7D625650E1B00195FD6 /* Extensions.swift in Sources */,
				3682C7C32564EB8200195FD6 /* ListViewController.swift in Sources */,
				36BFFF18256FB3B9004E8510 /* NofificationFollowEventTableViewCell.swift in Sources */,
				3682C7D22565057000195FD6 /* AuthManager.swift in Sources */,
				3682C7782564E8F100195FD6 /* SceneDelegate.swift in Sources */,
				3682C7CB2564EBE500195FD6 /* PublishPostViewController.swift in Sources */,
				36A760A2256CE7C30087FC6C /* ProfileTabsCollectionReusableView.swift in Sources */,
				3682C7AE2564EA6300195FD6 /* ExproreViewController.swift in Sources */,
				3682C7BF2564EB6200195FD6 /* EditProfileViewController.swift in Sources */,
				3682C7B42564EA9800195FD6 /* ProfileViewController.swift in Sources */,
				3682C7D02565043E00195FD6 /* DatabaseManager.swift in Sources */,
				36A760A4256E412F0087FC6C /* Models.swift in Sources */,
				3682C7C12564EB7000195FD6 /* SettingsViewController.swift in Sources */,
				3682C7B02564EA7800195FD6 /* CameraViewController.swift in Sources */,
				36A76097256BCC9C0087FC6C /* IGFeedPostActionsTableViewCell.swift in Sources */,
				36A7609E256CE72E0087FC6C /* PhotoCollectionViewCell.swift in Sources */,
				3682C7C72564EBA300195FD6 /* SearchResultViewController.swift in Sources */,
				3682C7BD2564EB3C00195FD6 /* PostViewController.swift in Sources */,
			);
			runOnlyForDeploymentPostprocessing = 0;
		};
		3682C7872564E8F300195FD6 /* Sources */ = {
			isa = PBXSourcesBuildPhase;
			buildActionMask = 2147483647;
			files = (
				3682C7902564E8F300195FD6 /* Instegram_CloneTests.swift in Sources */,
			);
			runOnlyForDeploymentPostprocessing = 0;
		};
		3682C7922564E8F300195FD6 /* Sources */ = {
			isa = PBXSourcesBuildPhase;
			buildActionMask = 2147483647;
			files = (
				3682C79B2564E8F300195FD6 /* Instegram_CloneUITests.swift in Sources */,
			);
			runOnlyForDeploymentPostprocessing = 0;
		};
/* End PBXSourcesBuildPhase section */

/* Begin PBXTargetDependency section */
		3682C78D2564E8F300195FD6 /* PBXTargetDependency */ = {
			isa = PBXTargetDependency;
			target = 3682C7712564E8F100195FD6 /* Instegram-Clone */;
			targetProxy = 3682C78C2564E8F300195FD6 /* PBXContainerItemProxy */;
		};
		3682C7982564E8F300195FD6 /* PBXTargetDependency */ = {
			isa = PBXTargetDependency;
			target = 3682C7712564E8F100195FD6 /* Instegram-Clone */;
			targetProxy = 3682C7972564E8F300195FD6 /* PBXContainerItemProxy */;
		};
/* End PBXTargetDependency section */

/* Begin PBXVariantGroup section */
		3682C77B2564E8F100195FD6 /* Main.storyboard */ = {
			isa = PBXVariantGroup;
			children = (
				3682C77C2564E8F100195FD6 /* Base */,
			);
			name = Main.storyboard;
			sourceTree = "<group>";
		};
		3682C7832564E8F300195FD6 /* LaunchScreen.storyboard */ = {
			isa = PBXVariantGroup;
			children = (
				3682C7842564E8F300195FD6 /* Base */,
			);
			name = LaunchScreen.storyboard;
			sourceTree = "<group>";
		};
/* End PBXVariantGroup section */

/* Begin XCBuildConfiguration section */
		3682C79D2564E8F300195FD6 /* Debug */ = {
			isa = XCBuildConfiguration;
			buildSettings = {
				ALWAYS_SEARCH_USER_PATHS = NO;
				CLANG_ANALYZER_NONNULL = YES;
				CLANG_ANALYZER_NUMBER_OBJECT_CONVERSION = YES_AGGRESSIVE;
				CLANG_CXX_LANGUAGE_STANDARD = "gnu++14";
				CLANG_CXX_LIBRARY = "libc++";
				CLANG_ENABLE_MODULES = YES;
				CLANG_ENABLE_OBJC_ARC = YES;
				CLANG_ENABLE_OBJC_WEAK = YES;
				CLANG_WARN_BLOCK_CAPTURE_AUTORELEASING = YES;
				CLANG_WARN_BOOL_CONVERSION = YES;
				CLANG_WARN_COMMA = YES;
				CLANG_WARN_CONSTANT_CONVERSION = YES;
				CLANG_WARN_DEPRECATED_OBJC_IMPLEMENTATIONS = YES;
				CLANG_WARN_DIRECT_OBJC_ISA_USAGE = YES_ERROR;
				CLANG_WARN_DOCUMENTATION_COMMENTS = YES;
				CLANG_WARN_EMPTY_BODY = YES;
				CLANG_WARN_ENUM_CONVERSION = YES;
				CLANG_WARN_INFINITE_RECURSION = YES;
				CLANG_WARN_INT_CONVERSION = YES;
				CLANG_WARN_NON_LITERAL_NULL_CONVERSION = YES;
				CLANG_WARN_OBJC_IMPLICIT_RETAIN_SELF = YES;
				CLANG_WARN_OBJC_LITERAL_CONVERSION = YES;
				CLANG_WARN_OBJC_ROOT_CLASS = YES_ERROR;
				CLANG_WARN_RANGE_LOOP_ANALYSIS = YES;
				CLANG_WARN_STRICT_PROTOTYPES = YES;
				CLANG_WARN_SUSPICIOUS_MOVE = YES;
				CLANG_WARN_UNGUARDED_AVAILABILITY = YES_AGGRESSIVE;
				CLANG_WARN_UNREACHABLE_CODE = YES;
				CLANG_WARN__DUPLICATE_METHOD_MATCH = YES;
				COPY_PHASE_STRIP = NO;
				DEBUG_INFORMATION_FORMAT = dwarf;
				ENABLE_STRICT_OBJC_MSGSEND = YES;
				ENABLE_TESTABILITY = YES;
				GCC_C_LANGUAGE_STANDARD = gnu11;
				GCC_DYNAMIC_NO_PIC = NO;
				GCC_NO_COMMON_BLOCKS = YES;
				GCC_OPTIMIZATION_LEVEL = 0;
				GCC_PREPROCESSOR_DEFINITIONS = (
					"DEBUG=1",
					"$(inherited)",
				);
				GCC_WARN_64_TO_32_BIT_CONVERSION = YES;
				GCC_WARN_ABOUT_RETURN_TYPE = YES_ERROR;
				GCC_WARN_UNDECLARED_SELECTOR = YES;
				GCC_WARN_UNINITIALIZED_AUTOS = YES_AGGRESSIVE;
				GCC_WARN_UNUSED_FUNCTION = YES;
				GCC_WARN_UNUSED_VARIABLE = YES;
				IPHONEOS_DEPLOYMENT_TARGET = 13.6;
				MTL_ENABLE_DEBUG_INFO = INCLUDE_SOURCE;
				MTL_FAST_MATH = YES;
				ONLY_ACTIVE_ARCH = YES;
				SDKROOT = iphoneos;
				SWIFT_ACTIVE_COMPILATION_CONDITIONS = DEBUG;
				SWIFT_OPTIMIZATION_LEVEL = "-Onone";
			};
			name = Debug;
		};
		3682C79E2564E8F300195FD6 /* Release */ = {
			isa = XCBuildConfiguration;
			buildSettings = {
				ALWAYS_SEARCH_USER_PATHS = NO;
				CLANG_ANALYZER_NONNULL = YES;
				CLANG_ANALYZER_NUMBER_OBJECT_CONVERSION = YES_AGGRESSIVE;
				CLANG_CXX_LANGUAGE_STANDARD = "gnu++14";
				CLANG_CXX_LIBRARY = "libc++";
				CLANG_ENABLE_MODULES = YES;
				CLANG_ENABLE_OBJC_ARC = YES;
				CLANG_ENABLE_OBJC_WEAK = YES;
				CLANG_WARN_BLOCK_CAPTURE_AUTORELEASING = YES;
				CLANG_WARN_BOOL_CONVERSION = YES;
				CLANG_WARN_COMMA = YES;
				CLANG_WARN_CONSTANT_CONVERSION = YES;
				CLANG_WARN_DEPRECATED_OBJC_IMPLEMENTATIONS = YES;
				CLANG_WARN_DIRECT_OBJC_ISA_USAGE = YES_ERROR;
				CLANG_WARN_DOCUMENTATION_COMMENTS = YES;
				CLANG_WARN_EMPTY_BODY = YES;
				CLANG_WARN_ENUM_CONVERSION = YES;
				CLANG_WARN_INFINITE_RECURSION = YES;
				CLANG_WARN_INT_CONVERSION = YES;
				CLANG_WARN_NON_LITERAL_NULL_CONVERSION = YES;
				CLANG_WARN_OBJC_IMPLICIT_RETAIN_SELF = YES;
				CLANG_WARN_OBJC_LITERAL_CONVERSION = YES;
				CLANG_WARN_OBJC_ROOT_CLASS = YES_ERROR;
				CLANG_WARN_RANGE_LOOP_ANALYSIS = YES;
				CLANG_WARN_STRICT_PROTOTYPES = YES;
				CLANG_WARN_SUSPICIOUS_MOVE = YES;
				CLANG_WARN_UNGUARDED_AVAILABILITY = YES_AGGRESSIVE;
				CLANG_WARN_UNREACHABLE_CODE = YES;
				CLANG_WARN__DUPLICATE_METHOD_MATCH = YES;
				COPY_PHASE_STRIP = NO;
				DEBUG_INFORMATION_FORMAT = "dwarf-with-dsym";
				ENABLE_NS_ASSERTIONS = NO;
				ENABLE_STRICT_OBJC_MSGSEND = YES;
				GCC_C_LANGUAGE_STANDARD = gnu11;
				GCC_NO_COMMON_BLOCKS = YES;
				GCC_WARN_64_TO_32_BIT_CONVERSION = YES;
				GCC_WARN_ABOUT_RETURN_TYPE = YES_ERROR;
				GCC_WARN_UNDECLARED_SELECTOR = YES;
				GCC_WARN_UNINITIALIZED_AUTOS = YES_AGGRESSIVE;
				GCC_WARN_UNUSED_FUNCTION = YES;
				GCC_WARN_UNUSED_VARIABLE = YES;
				IPHONEOS_DEPLOYMENT_TARGET = 13.6;
				MTL_ENABLE_DEBUG_INFO = NO;
				MTL_FAST_MATH = YES;
				SDKROOT = iphoneos;
				SWIFT_COMPILATION_MODE = wholemodule;
				SWIFT_OPTIMIZATION_LEVEL = "-O";
				VALIDATE_PRODUCT = YES;
			};
			name = Release;
		};
		3682C7A02564E8F300195FD6 /* Debug */ = {
			isa = XCBuildConfiguration;
			baseConfigurationReference = CB26D2DC61DBA863E52CA31B /* Pods-Instegram-Clone.debug.xcconfig */;
			buildSettings = {
				ASSETCATALOG_COMPILER_APPICON_NAME = AppIcon;
				CODE_SIGN_STYLE = Automatic;
				DEVELOPMENT_TEAM = M3C8BZ4H8Y;
				INFOPLIST_FILE = "Instegram-Clone/Info.plist";
				IPHONEOS_DEPLOYMENT_TARGET = 13.6;
				LD_RUNPATH_SEARCH_PATHS = (
					"$(inherited)",
					"@executable_path/Frameworks",
				);
				PRODUCT_BUNDLE_IDENTIFIER = "com.talspektor.Instegram-Clone";
				PRODUCT_NAME = "$(TARGET_NAME)";
				SWIFT_VERSION = 5.0;
				TARGETED_DEVICE_FAMILY = "1,2";
			};
			name = Debug;
		};
		3682C7A12564E8F300195FD6 /* Release */ = {
			isa = XCBuildConfiguration;
			baseConfigurationReference = E474BB999396B3BD58440190 /* Pods-Instegram-Clone.release.xcconfig */;
			buildSettings = {
				ASSETCATALOG_COMPILER_APPICON_NAME = AppIcon;
				CODE_SIGN_STYLE = Automatic;
				DEVELOPMENT_TEAM = M3C8BZ4H8Y;
				INFOPLIST_FILE = "Instegram-Clone/Info.plist";
				IPHONEOS_DEPLOYMENT_TARGET = 13.6;
				LD_RUNPATH_SEARCH_PATHS = (
					"$(inherited)",
					"@executable_path/Frameworks",
				);
				PRODUCT_BUNDLE_IDENTIFIER = "com.talspektor.Instegram-Clone";
				PRODUCT_NAME = "$(TARGET_NAME)";
				SWIFT_VERSION = 5.0;
				TARGETED_DEVICE_FAMILY = "1,2";
			};
			name = Release;
		};
		3682C7A32564E8F300195FD6 /* Debug */ = {
			isa = XCBuildConfiguration;
			baseConfigurationReference = 87850CC549768B235E30BC65 /* Pods-Instegram-CloneTests.debug.xcconfig */;
			buildSettings = {
				ALWAYS_EMBED_SWIFT_STANDARD_LIBRARIES = YES;
				BUNDLE_LOADER = "$(TEST_HOST)";
				CODE_SIGN_STYLE = Automatic;
				DEVELOPMENT_TEAM = M3C8BZ4H8Y;
				INFOPLIST_FILE = "Instegram-CloneTests/Info.plist";
				IPHONEOS_DEPLOYMENT_TARGET = 13.6;
				LD_RUNPATH_SEARCH_PATHS = (
					"$(inherited)",
					"@executable_path/Frameworks",
					"@loader_path/Frameworks",
				);
				PRODUCT_BUNDLE_IDENTIFIER = "com.talspektor.Instegram-CloneTests";
				PRODUCT_NAME = "$(TARGET_NAME)";
				SWIFT_VERSION = 5.0;
				TARGETED_DEVICE_FAMILY = "1,2";
				TEST_HOST = "$(BUILT_PRODUCTS_DIR)/Instegram-Clone.app/Instegram-Clone";
			};
			name = Debug;
		};
		3682C7A42564E8F300195FD6 /* Release */ = {
			isa = XCBuildConfiguration;
			baseConfigurationReference = 158B0DAF522623357315A6A4 /* Pods-Instegram-CloneTests.release.xcconfig */;
			buildSettings = {
				ALWAYS_EMBED_SWIFT_STANDARD_LIBRARIES = YES;
				BUNDLE_LOADER = "$(TEST_HOST)";
				CODE_SIGN_STYLE = Automatic;
				DEVELOPMENT_TEAM = M3C8BZ4H8Y;
				INFOPLIST_FILE = "Instegram-CloneTests/Info.plist";
				IPHONEOS_DEPLOYMENT_TARGET = 13.6;
				LD_RUNPATH_SEARCH_PATHS = (
					"$(inherited)",
					"@executable_path/Frameworks",
					"@loader_path/Frameworks",
				);
				PRODUCT_BUNDLE_IDENTIFIER = "com.talspektor.Instegram-CloneTests";
				PRODUCT_NAME = "$(TARGET_NAME)";
				SWIFT_VERSION = 5.0;
				TARGETED_DEVICE_FAMILY = "1,2";
				TEST_HOST = "$(BUILT_PRODUCTS_DIR)/Instegram-Clone.app/Instegram-Clone";
			};
			name = Release;
		};
		3682C7A62564E8F300195FD6 /* Debug */ = {
			isa = XCBuildConfiguration;
			baseConfigurationReference = EAEDDDF74518F65B5735B8F9 /* Pods-Instegram-Clone-Instegram-CloneUITests.debug.xcconfig */;
			buildSettings = {
				ALWAYS_EMBED_SWIFT_STANDARD_LIBRARIES = YES;
				CODE_SIGN_STYLE = Automatic;
				DEVELOPMENT_TEAM = M3C8BZ4H8Y;
				INFOPLIST_FILE = "Instegram-CloneUITests/Info.plist";
				LD_RUNPATH_SEARCH_PATHS = (
					"$(inherited)",
					"@executable_path/Frameworks",
					"@loader_path/Frameworks",
				);
				PRODUCT_BUNDLE_IDENTIFIER = "com.talspektor.Instegram-CloneUITests";
				PRODUCT_NAME = "$(TARGET_NAME)";
				SWIFT_VERSION = 5.0;
				TARGETED_DEVICE_FAMILY = "1,2";
				TEST_TARGET_NAME = "Instegram-Clone";
			};
			name = Debug;
		};
		3682C7A72564E8F300195FD6 /* Release */ = {
			isa = XCBuildConfiguration;
			baseConfigurationReference = FE2F2220298F5E100CC32E9B /* Pods-Instegram-Clone-Instegram-CloneUITests.release.xcconfig */;
			buildSettings = {
				ALWAYS_EMBED_SWIFT_STANDARD_LIBRARIES = YES;
				CODE_SIGN_STYLE = Automatic;
				DEVELOPMENT_TEAM = M3C8BZ4H8Y;
				INFOPLIST_FILE = "Instegram-CloneUITests/Info.plist";
				LD_RUNPATH_SEARCH_PATHS = (
					"$(inherited)",
					"@executable_path/Frameworks",
					"@loader_path/Frameworks",
				);
				PRODUCT_BUNDLE_IDENTIFIER = "com.talspektor.Instegram-CloneUITests";
				PRODUCT_NAME = "$(TARGET_NAME)";
				SWIFT_VERSION = 5.0;
				TARGETED_DEVICE_FAMILY = "1,2";
				TEST_TARGET_NAME = "Instegram-Clone";
			};
			name = Release;
		};
/* End XCBuildConfiguration section */

/* Begin XCConfigurationList section */
		3682C76D2564E8F100195FD6 /* Build configuration list for PBXProject "Instegram-Clone" */ = {
			isa = XCConfigurationList;
			buildConfigurations = (
				3682C79D2564E8F300195FD6 /* Debug */,
				3682C79E2564E8F300195FD6 /* Release */,
			);
			defaultConfigurationIsVisible = 0;
			defaultConfigurationName = Release;
		};
		3682C79F2564E8F300195FD6 /* Build configuration list for PBXNativeTarget "Instegram-Clone" */ = {
			isa = XCConfigurationList;
			buildConfigurations = (
				3682C7A02564E8F300195FD6 /* Debug */,
				3682C7A12564E8F300195FD6 /* Release */,
			);
			defaultConfigurationIsVisible = 0;
			defaultConfigurationName = Release;
		};
		3682C7A22564E8F300195FD6 /* Build configuration list for PBXNativeTarget "Instegram-CloneTests" */ = {
			isa = XCConfigurationList;
			buildConfigurations = (
				3682C7A32564E8F300195FD6 /* Debug */,
				3682C7A42564E8F300195FD6 /* Release */,
			);
			defaultConfigurationIsVisible = 0;
			defaultConfigurationName = Release;
		};
		3682C7A52564E8F300195FD6 /* Build configuration list for PBXNativeTarget "Instegram-CloneUITests" */ = {
			isa = XCConfigurationList;
			buildConfigurations = (
				3682C7A62564E8F300195FD6 /* Debug */,
				3682C7A72564E8F300195FD6 /* Release */,
			);
			defaultConfigurationIsVisible = 0;
			defaultConfigurationName = Release;
		};
/* End XCConfigurationList section */

/* Begin XCVersionGroup section */
		3682C77E2564E8F100195FD6 /* Instegram_Clone.xcdatamodeld */ = {
			isa = XCVersionGroup;
			children = (
				3682C77F2564E8F100195FD6 /* Instegram_Clone.xcdatamodel */,
			);
			currentVersion = 3682C77F2564E8F100195FD6 /* Instegram_Clone.xcdatamodel */;
			path = Instegram_Clone.xcdatamodeld;
			sourceTree = "<group>";
			versionGroupType = wrapper.xcdatamodel;
		};
/* End XCVersionGroup section */
	};
	rootObject = 3682C76A2564E8F100195FD6 /* Project object */;
}
